
Microsoft Visual Studio Solution File, Format Version 12.00
# Visual Studio 15
VisualStudioVersion = 15.0.28307.1622
MinimumVisualStudioVersion = 10.0.40219.1
Project("{FAE04EC0-301F-11D3-BF4B-00C04F79EFBC}") = "MathModuleProject", "MathModuleProject\MathModuleProject.csproj", "{963073F0-B579-4597-A165-5B5EE1AB586D}"
EndProject
Global
	GlobalSection(SolutionConfigurationPlatforms) = preSolution
		Debug|Any CPU = Debug|Any CPU
		Release|Any CPU = Release|Any CPU
	EndGlobalSection
	GlobalSection(ProjectConfigurationPlatforms) = postSolution
		{963073F0-B579-4597-A165-5B5EE1AB586D}.Debug|Any CPU.ActiveCfg = Debug|Any CPU
		{963073F0-B579-4597-A165-5B5EE1AB586D}.Debug|Any CPU.Build.0 = Debug|Any CPU
		{963073F0-B579-4597-A165-5B5EE1AB586D}.Release|Any CPU.ActiveCfg = Release|Any CPU
		{963073F0-B579-4597-A165-5B5EE1AB586D}.Release|Any CPU.Build.0 = Release|Any CPU
	EndGlobalSection
	GlobalSection(SolutionProperties) = preSolution
		HideSolutionNode = FALSE
	EndGlobalSection
	GlobalSection(ExtensibilityGlobals) = postSolution
		SolutionGuid = {AB8B9725-9EB9-4BF0-A055-36474A7AAE17}
	EndGlobalSection
EndGlobal
